// !$*UTF8*$!
{
	archiveVersion = 1;
	classes = {
	};
	objectVersion = 50;
	objects = {

/* Begin PBXBuildFile section */
		658E1FA02233099400FB0128 /* AppDelegate.swift in Sources */ = {isa = PBXBuildFile; fileRef = 658E1F9F2233099400FB0128 /* AppDelegate.swift */; };
		658E1FA22233099400FB0128 /* FirstViewController.swift in Sources */ = {isa = PBXBuildFile; fileRef = 658E1FA12233099400FB0128 /* FirstViewController.swift */; };
		658E1FA42233099400FB0128 /* SecondViewController.swift in Sources */ = {isa = PBXBuildFile; fileRef = 658E1FA32233099400FB0128 /* SecondViewController.swift */; };
		658E1FA72233099400FB0128 /* Main.storyboard in Resources */ = {isa = PBXBuildFile; fileRef = 658E1FA52233099400FB0128 /* Main.storyboard */; };
		658E1FA92233099500FB0128 /* Assets.xcassets in Resources */ = {isa = PBXBuildFile; fileRef = 658E1FA82233099500FB0128 /* Assets.xcassets */; };
		658E1FAC2233099500FB0128 /* LaunchScreen.storyboard in Resources */ = {isa = PBXBuildFile; fileRef = 658E1FAA2233099500FB0128 /* LaunchScreen.storyboard */; };
		658E1FB72233099500FB0128 /* SnartTests.swift in Sources */ = {isa = PBXBuildFile; fileRef = 658E1FB62233099500FB0128 /* SnartTests.swift */; };
		658E1FC22233099500FB0128 /* SnartUITests.swift in Sources */ = {isa = PBXBuildFile; fileRef = 658E1FC12233099500FB0128 /* SnartUITests.swift */; };
/* End PBXBuildFile section */

/* Begin PBXContainerItemProxy section */
		658E1FB32233099500FB0128 /* PBXContainerItemProxy */ = {
			isa = PBXContainerItemProxy;
			containerPortal = 658E1F942233099300FB0128 /* Project object */;
			proxyType = 1;
			remoteGlobalIDString = 658E1F9B2233099400FB0128;
			remoteInfo = Snart;
		};
		658E1FBE2233099500FB0128 /* PBXContainerItemProxy */ = {
			isa = PBXContainerItemProxy;
			containerPortal = 658E1F942233099300FB0128 /* Project object */;
			proxyType = 1;
			remoteGlobalIDString = 658E1F9B2233099400FB0128;
			remoteInfo = Snart;
		};
/* End PBXContainerItemProxy section */

/* Begin PBXFileReference section */
		658E1F9C2233099400FB0128 /* Snart.app */ = {isa = PBXFileReference; explicitFileType = wrapper.application; includeInIndex = 0; path = Snart.app; sourceTree = BUILT_PRODUCTS_DIR; };
		658E1F9F2233099400FB0128 /* AppDelegate.swift */ = {isa = PBXFileReference; lastKnownFileType = sourcecode.swift; path = AppDelegate.swift; sourceTree = "<group>"; };
		658E1FA12233099400FB0128 /* FirstViewController.swift */ = {isa = PBXFileReference; lastKnownFileType = sourcecode.swift; path = FirstViewController.swift; sourceTree = "<group>"; };
		658E1FA32233099400FB0128 /* SecondViewController.swift */ = {isa = PBXFileReference; lastKnownFileType = sourcecode.swift; path = SecondViewController.swift; sourceTree = "<group>"; };
		658E1FA62233099400FB0128 /* Base */ = {isa = PBXFileReference; lastKnownFileType = file.storyboard; name = Base; path = Base.lproj/Main.storyboard; sourceTree = "<group>"; };
		658E1FA82233099500FB0128 /* Assets.xcassets */ = {isa = PBXFileReference; lastKnownFileType = folder.assetcatalog; path = Assets.xcassets; sourceTree = "<group>"; };
		658E1FAB2233099500FB0128 /* Base */ = {isa = PBXFileReference; lastKnownFileType = file.storyboard; name = Base; path = Base.lproj/LaunchScreen.storyboard; sourceTree = "<group>"; };
		658E1FAD2233099500FB0128 /* Info.plist */ = {isa = PBXFileReference; lastKnownFileType = text.plist.xml; path = Info.plist; sourceTree = "<group>"; };
		658E1FB22233099500FB0128 /* SnartTests.xctest */ = {isa = PBXFileReference; explicitFileType = wrapper.cfbundle; includeInIndex = 0; path = SnartTests.xctest; sourceTree = BUILT_PRODUCTS_DIR; };
		658E1FB62233099500FB0128 /* SnartTests.swift */ = {isa = PBXFileReference; lastKnownFileType = sourcecode.swift; path = SnartTests.swift; sourceTree = "<group>"; };
		658E1FB82233099500FB0128 /* Info.plist */ = {isa = PBXFileReference; lastKnownFileType = text.plist.xml; path = Info.plist; sourceTree = "<group>"; };
		658E1FBD2233099500FB0128 /* SnartUITests.xctest */ = {isa = PBXFileReference; explicitFileType = wrapper.cfbundle; includeInIndex = 0; path = SnartUITests.xctest; sourceTree = BUILT_PRODUCTS_DIR; };
		658E1FC12233099500FB0128 /* SnartUITests.swift */ = {isa = PBXFileReference; lastKnownFileType = sourcecode.swift; path = SnartUITests.swift; sourceTree = "<group>"; };
		658E1FC32233099500FB0128 /* Info.plist */ = {isa = PBXFileReference; lastKnownFileType = text.plist.xml; path = Info.plist; sourceTree = "<group>"; };
/* End PBXFileReference section */

/* Begin PBXFrameworksBuildPhase section */
		658E1F992233099400FB0128 /* Frameworks */ = {
			isa = PBXFrameworksBuildPhase;
			buildActionMask = 2147483647;
			files = (
			);
			runOnlyForDeploymentPostprocessing = 0;
		};
		658E1FAF2233099500FB0128 /* Frameworks */ = {
			isa = PBXFrameworksBuildPhase;
			buildActionMask = 2147483647;
			files = (
			);
			runOnlyForDeploymentPostprocessing = 0;
		};
		658E1FBA2233099500FB0128 /* Frameworks */ = {
			isa = PBXFrameworksBuildPhase;
			buildActionMask = 2147483647;
			files = (
			);
			runOnlyForDeploymentPostprocessing = 0;
		};
/* End PBXFrameworksBuildPhase section */

/* Begin PBXGroup section */
		658E1F932233099300FB0128 = {
			isa = PBXGroup;
			children = (
				658E1F9E2233099400FB0128 /* Snart */,
				658E1FB52233099500FB0128 /* SnartTests */,
				658E1FC02233099500FB0128 /* SnartUITests */,
				658E1F9D2233099400FB0128 /* Products */,
			);
			sourceTree = "<group>";
		};
		658E1F9D2233099400FB0128 /* Products */ = {
			isa = PBXGroup;
			children = (
				658E1F9C2233099400FB0128 /* Snart.app */,
				658E1FB22233099500FB0128 /* SnartTests.xctest */,
				658E1FBD2233099500FB0128 /* SnartUITests.xctest */,
			);
			name = Products;
			sourceTree = "<group>";
		};
		658E1F9E2233099400FB0128 /* Snart */ = {
			isa = PBXGroup;
			children = (
				658E1F9F2233099400FB0128 /* AppDelegate.swift */,
				658E1FA12233099400FB0128 /* FirstViewController.swift */,
				658E1FA32233099400FB0128 /* SecondViewController.swift */,
				658E1FA52233099400FB0128 /* Main.storyboard */,
				658E1FA82233099500FB0128 /* Assets.xcassets */,
				658E1FAA2233099500FB0128 /* LaunchScreen.storyboard */,
				658E1FAD2233099500FB0128 /* Info.plist */,
			);
			path = Snart;
			sourceTree = "<group>";
		};
		658E1FB52233099500FB0128 /* SnartTests */ = {
			isa = PBXGroup;
			children = (
				658E1FB62233099500FB0128 /* SnartTests.swift */,
				658E1FB82233099500FB0128 /* Info.plist */,
			);
			path = SnartTests;
			sourceTree = "<group>";
		};
		658E1FC02233099500FB0128 /* SnartUITests */ = {
			isa = PBXGroup;
			children = (
				658E1FC12233099500FB0128 /* SnartUITests.swift */,
				658E1FC32233099500FB0128 /* Info.plist */,
			);
			path = SnartUITests;
			sourceTree = "<group>";
		};
/* End PBXGroup section */

/* Begin PBXNativeTarget section */
		658E1F9B2233099400FB0128 /* Snart */ = {
			isa = PBXNativeTarget;
			buildConfigurationList = 658E1FC62233099500FB0128 /* Build configuration list for PBXNativeTarget "Snart" */;
			buildPhases = (
				658E1F982233099400FB0128 /* Sources */,
				658E1F992233099400FB0128 /* Frameworks */,
				658E1F9A2233099400FB0128 /* Resources */,
			);
			buildRules = (
			);
			dependencies = (
			);
			name = Snart;
			productName = Snart;
			productReference = 658E1F9C2233099400FB0128 /* Snart.app */;
			productType = "com.apple.product-type.application";
		};
		658E1FB12233099500FB0128 /* SnartTests */ = {
			isa = PBXNativeTarget;
			buildConfigurationList = 658E1FC92233099500FB0128 /* Build configuration list for PBXNativeTarget "SnartTests" */;
			buildPhases = (
				658E1FAE2233099500FB0128 /* Sources */,
				658E1FAF2233099500FB0128 /* Frameworks */,
				658E1FB02233099500FB0128 /* Resources */,
			);
			buildRules = (
			);
			dependencies = (
				658E1FB42233099500FB0128 /* PBXTargetDependency */,
			);
			name = SnartTests;
			productName = SnartTests;
			productReference = 658E1FB22233099500FB0128 /* SnartTests.xctest */;
			productType = "com.apple.product-type.bundle.unit-test";
		};
		658E1FBC2233099500FB0128 /* SnartUITests */ = {
			isa = PBXNativeTarget;
			buildConfigurationList = 658E1FCC2233099500FB0128 /* Build configuration list for PBXNativeTarget "SnartUITests" */;
			buildPhases = (
				658E1FB92233099500FB0128 /* Sources */,
				658E1FBA2233099500FB0128 /* Frameworks */,
				658E1FBB2233099500FB0128 /* Resources */,
			);
			buildRules = (
			);
			dependencies = (
				658E1FBF2233099500FB0128 /* PBXTargetDependency */,
			);
			name = SnartUITests;
			productName = SnartUITests;
			productReference = 658E1FBD2233099500FB0128 /* SnartUITests.xctest */;
			productType = "com.apple.product-type.bundle.ui-testing";
		};
/* End PBXNativeTarget section */

/* Begin PBXProject section */
		658E1F942233099300FB0128 /* Project object */ = {
			isa = PBXProject;
			attributes = {
				LastSwiftUpdateCheck = 1010;
				LastUpgradeCheck = 1010;
				ORGANIZATIONNAME = "Daniel Björkander";
				TargetAttributes = {
					658E1F9B2233099400FB0128 = {
						CreatedOnToolsVersion = 10.1;
					};
					658E1FB12233099500FB0128 = {
						CreatedOnToolsVersion = 10.1;
						TestTargetID = 658E1F9B2233099400FB0128;
					};
					658E1FBC2233099500FB0128 = {
						CreatedOnToolsVersion = 10.1;
						TestTargetID = 658E1F9B2233099400FB0128;
					};
				};
			};
			buildConfigurationList = 658E1F972233099300FB0128 /* Build configuration list for PBXProject "Snart" */;
			compatibilityVersion = "Xcode 9.3";
			developmentRegion = en;
			hasScannedForEncodings = 0;
			knownRegions = (
				en,
				Base,
			);
			mainGroup = 658E1F932233099300FB0128;
			productRefGroup = 658E1F9D2233099400FB0128 /* Products */;
			projectDirPath = "";
			projectRoot = "";
			targets = (
				658E1F9B2233099400FB0128 /* Snart */,
				658E1FB12233099500FB0128 /* SnartTests */,
				658E1FBC2233099500FB0128 /* SnartUITests */,
			);
		};
/* End PBXProject section */

/* Begin PBXResourcesBuildPhase section */
		658E1F9A2233099400FB0128 /* Resources */ = {
			isa = PBXResourcesBuildPhase;
			buildActionMask = 2147483647;
			files = (
				658E1FAC2233099500FB0128 /* LaunchScreen.storyboard in Resources */,
				658E1FA92233099500FB0128 /* Assets.xcassets in Resources */,
				658E1FA72233099400FB0128 /* Main.storyboard in Resources */,
			);
			runOnlyForDeploymentPostprocessing = 0;
		};
		658E1FB02233099500FB0128 /* Resources */ = {
			isa = PBXResourcesBuildPhase;
			buildActionMask = 2147483647;
			files = (
			);
			runOnlyForDeploymentPostprocessing = 0;
		};
		658E1FBB2233099500FB0128 /* Resources */ = {
			isa = PBXResourcesBuildPhase;
			buildActionMask = 2147483647;
			files = (
			);
			runOnlyForDeploymentPostprocessing = 0;
		};
/* End PBXResourcesBuildPhase section */

/* Begin PBXSourcesBuildPhase section */
		658E1F982233099400FB0128 /* Sources */ = {
			isa = PBXSourcesBuildPhase;
			buildActionMask = 2147483647;
			files = (
				658E1FA42233099400FB0128 /* SecondViewController.swift in Sources */,
				658E1FA02233099400FB0128 /* AppDelegate.swift in Sources */,
				658E1FA22233099400FB0128 /* FirstViewController.swift in Sources */,
			);
			runOnlyForDeploymentPostprocessing = 0;
		};
		658E1FAE2233099500FB0128 /* Sources */ = {
			isa = PBXSourcesBuildPhase;
			buildActionMask = 2147483647;
			files = (
				658E1FB72233099500FB0128 /* SnartTests.swift in Sources */,
			);
			runOnlyForDeploymentPostprocessing = 0;
		};
		658E1FB92233099500FB0128 /* Sources */ = {
			isa = PBXSourcesBuildPhase;
			buildActionMask = 2147483647;
			files = (
				658E1FC22233099500FB0128 /* SnartUITests.swift in Sources */,
			);
			runOnlyForDeploymentPostprocessing = 0;
		};
/* End PBXSourcesBuildPhase section */

/* Begin PBXTargetDependency section */
		658E1FB42233099500FB0128 /* PBXTargetDependency */ = {
			isa = PBXTargetDependency;
			target = 658E1F9B2233099400FB0128 /* Snart */;
			targetProxy = 658E1FB32233099500FB0128 /* PBXContainerItemProxy */;
		};
		658E1FBF2233099500FB0128 /* PBXTargetDependency */ = {
			isa = PBXTargetDependency;
			target = 658E1F9B2233099400FB0128 /* Snart */;
			targetProxy = 658E1FBE2233099500FB0128 /* PBXContainerItemProxy */;
		};
/* End PBXTargetDependency section */

/* Begin PBXVariantGroup section */
		658E1FA52233099400FB0128 /* Main.storyboard */ = {
			isa = PBXVariantGroup;
			children = (
				658E1FA62233099400FB0128 /* Base */,
			);
			name = Main.storyboard;
			sourceTree = "<group>";
		};
		658E1FAA2233099500FB0128 /* LaunchScreen.storyboard */ = {
			isa = PBXVariantGroup;
			children = (
				658E1FAB2233099500FB0128 /* Base */,
			);
			name = LaunchScreen.storyboard;
			sourceTree = "<group>";
		};
/* End PBXVariantGroup section */

/* Begin XCBuildConfiguration section */
		658E1FC42233099500FB0128 /* Debug */ = {
			isa = XCBuildConfiguration;
			buildSettings = {
				ALWAYS_SEARCH_USER_PATHS = NO;
				CLANG_ANALYZER_NONNULL = YES;
				CLANG_ANALYZER_NUMBER_OBJECT_CONVERSION = YES_AGGRESSIVE;
				CLANG_CXX_LANGUAGE_STANDARD = "gnu++14";
				CLANG_CXX_LIBRARY = "libc++";
				CLANG_ENABLE_MODULES = YES;
				CLANG_ENABLE_OBJC_ARC = YES;
				CLANG_ENABLE_OBJC_WEAK = YES;
				CLANG_WARN_BLOCK_CAPTURE_AUTORELEASING = YES;
				CLANG_WARN_BOOL_CONVERSION = YES;
				CLANG_WARN_COMMA = YES;
				CLANG_WARN_CONSTANT_CONVERSION = YES;
				CLANG_WARN_DEPRECATED_OBJC_IMPLEMENTATIONS = YES;
				CLANG_WARN_DIRECT_OBJC_ISA_USAGE = YES_ERROR;
				CLANG_WARN_DOCUMENTATION_COMMENTS = YES;
				CLANG_WARN_EMPTY_BODY = YES;
				CLANG_WARN_ENUM_CONVERSION = YES;
				CLANG_WARN_INFINITE_RECURSION = YES;
				CLANG_WARN_INT_CONVERSION = YES;
				CLANG_WARN_NON_LITERAL_NULL_CONVERSION = YES;
				CLANG_WARN_OBJC_IMPLICIT_RETAIN_SELF = YES;
				CLANG_WARN_OBJC_LITERAL_CONVERSION = YES;
				CLANG_WARN_OBJC_ROOT_CLASS = YES_ERROR;
				CLANG_WARN_RANGE_LOOP_ANALYSIS = YES;
				CLANG_WARN_STRICT_PROTOTYPES = YES;
				CLANG_WARN_SUSPICIOUS_MOVE = YES;
				CLANG_WARN_UNGUARDED_AVAILABILITY = YES_AGGRESSIVE;
				CLANG_WARN_UNREACHABLE_CODE = YES;
				CLANG_WARN__DUPLICATE_METHOD_MATCH = YES;
				CODE_SIGN_IDENTITY = "iPhone Developer";
				COPY_PHASE_STRIP = NO;
				DEBUG_INFORMATION_FORMAT = dwarf;
				ENABLE_STRICT_OBJC_MSGSEND = YES;
				ENABLE_TESTABILITY = YES;
				GCC_C_LANGUAGE_STANDARD = gnu11;
				GCC_DYNAMIC_NO_PIC = NO;
				GCC_NO_COMMON_BLOCKS = YES;
				GCC_OPTIMIZATION_LEVEL = 0;
				GCC_PREPROCESSOR_DEFINITIONS = (
					"DEBUG=1",
					"$(inherited)",
				);
				GCC_WARN_64_TO_32_BIT_CONVERSION = YES;
				GCC_WARN_ABOUT_RETURN_TYPE = YES_ERROR;
				GCC_WARN_UNDECLARED_SELECTOR = YES;
				GCC_WARN_UNINITIALIZED_AUTOS = YES_AGGRESSIVE;
				GCC_WARN_UNUSED_FUNCTION = YES;
				GCC_WARN_UNUSED_VARIABLE = YES;
				IPHONEOS_DEPLOYMENT_TARGET = 12.1;
				MTL_ENABLE_DEBUG_INFO = INCLUDE_SOURCE;
				MTL_FAST_MATH = YES;
				ONLY_ACTIVE_ARCH = YES;
				SDKROOT = iphoneos;
				SWIFT_ACTIVE_COMPILATION_CONDITIONS = DEBUG;
				SWIFT_OPTIMIZATION_LEVEL = "-Onone";
			};
			name = Debug;
		};
		658E1FC52233099500FB0128 /* Release */ = {
			isa = XCBuildConfiguration;
			buildSettings = {
				ALWAYS_SEARCH_USER_PATHS = NO;
				CLANG_ANALYZER_NONNULL = YES;
				CLANG_ANALYZER_NUMBER_OBJECT_CONVERSION = YES_AGGRESSIVE;
				CLANG_CXX_LANGUAGE_STANDARD = "gnu++14";
				CLANG_CXX_LIBRARY = "libc++";
				CLANG_ENABLE_MODULES = YES;
				CLANG_ENABLE_OBJC_ARC = YES;
				CLANG_ENABLE_OBJC_WEAK = YES;
				CLANG_WARN_BLOCK_CAPTURE_AUTORELEASING = YES;
				CLANG_WARN_BOOL_CONVERSION = YES;
				CLANG_WARN_COMMA = YES;
				CLANG_WARN_CONSTANT_CONVERSION = YES;
				CLANG_WARN_DEPRECATED_OBJC_IMPLEMENTATIONS = YES;
				CLANG_WARN_DIRECT_OBJC_ISA_USAGE = YES_ERROR;
				CLANG_WARN_DOCUMENTATION_COMMENTS = YES;
				CLANG_WARN_EMPTY_BODY = YES;
				CLANG_WARN_ENUM_CONVERSION = YES;
				CLANG_WARN_INFINITE_RECURSION = YES;
				CLANG_WARN_INT_CONVERSION = YES;
				CLANG_WARN_NON_LITERAL_NULL_CONVERSION = YES;
				CLANG_WARN_OBJC_IMPLICIT_RETAIN_SELF = YES;
				CLANG_WARN_OBJC_LITERAL_CONVERSION = YES;
				CLANG_WARN_OBJC_ROOT_CLASS = YES_ERROR;
				CLANG_WARN_RANGE_LOOP_ANALYSIS = YES;
				CLANG_WARN_STRICT_PROTOTYPES = YES;
				CLANG_WARN_SUSPICIOUS_MOVE = YES;
				CLANG_WARN_UNGUARDED_AVAILABILITY = YES_AGGRESSIVE;
				CLANG_WARN_UNREACHABLE_CODE = YES;
				CLANG_WARN__DUPLICATE_METHOD_MATCH = YES;
				CODE_SIGN_IDENTITY = "iPhone Developer";
				COPY_PHASE_STRIP = NO;
				DEBUG_INFORMATION_FORMAT = "dwarf-with-dsym";
				ENABLE_NS_ASSERTIONS = NO;
				ENABLE_STRICT_OBJC_MSGSEND = YES;
				GCC_C_LANGUAGE_STANDARD = gnu11;
				GCC_NO_COMMON_BLOCKS = YES;
				GCC_WARN_64_TO_32_BIT_CONVERSION = YES;
				GCC_WARN_ABOUT_RETURN_TYPE = YES_ERROR;
				GCC_WARN_UNDECLARED_SELECTOR = YES;
				GCC_WARN_UNINITIALIZED_AUTOS = YES_AGGRESSIVE;
				GCC_WARN_UNUSED_FUNCTION = YES;
				GCC_WARN_UNUSED_VARIABLE = YES;
				IPHONEOS_DEPLOYMENT_TARGET = 12.1;
				MTL_ENABLE_DEBUG_INFO = NO;
				MTL_FAST_MATH = YES;
				SDKROOT = iphoneos;
				SWIFT_COMPILATION_MODE = wholemodule;
				SWIFT_OPTIMIZATION_LEVEL = "-O";
				VALIDATE_PRODUCT = YES;
			};
			name = Release;
		};
		658E1FC72233099500FB0128 /* Debug */ = {
			isa = XCBuildConfiguration;
			buildSettings = {
				ASSETCATALOG_COMPILER_APPICON_NAME = AppIcon;
				CODE_SIGN_STYLE = Automatic;
				DEVELOPMENT_TEAM = JLD2HVP786;
				INFOPLIST_FILE = Snart/Info.plist;
				LD_RUNPATH_SEARCH_PATHS = (
					"$(inherited)",
					"@executable_path/Frameworks",
				);
				PRODUCT_BUNDLE_IDENTIFIER = se.pingvingryta.Snart;
				PRODUCT_NAME = "$(TARGET_NAME)";
				SWIFT_VERSION = 4.2;
				TARGETED_DEVICE_FAMILY = "1,2";
			};
			name = Debug;
		};
		658E1FC82233099500FB0128 /* Release */ = {
			isa = XCBuildConfiguration;
			buildSettings = {
				ASSETCATALOG_COMPILER_APPICON_NAME = AppIcon;
				CODE_SIGN_STYLE = Automatic;
				DEVELOPMENT_TEAM = JLD2HVP786;
				INFOPLIST_FILE = Snart/Info.plist;
				LD_RUNPATH_SEARCH_PATHS = (
					"$(inherited)",
					"@executable_path/Frameworks",
				);
				PRODUCT_BUNDLE_IDENTIFIER = se.pingvingryta.Snart;
				PRODUCT_NAME = "$(TARGET_NAME)";
				SWIFT_VERSION = 4.2;
				TARGETED_DEVICE_FAMILY = "1,2";
			};
			name = Release;
		};
		658E1FCA2233099500FB0128 /* Debug */ = {
			isa = XCBuildConfiguration;
			buildSettings = {
				ALWAYS_EMBED_SWIFT_STANDARD_LIBRARIES = YES;
				BUNDLE_LOADER = "$(TEST_HOST)";
				CODE_SIGN_STYLE = Automatic;
				DEVELOPMENT_TEAM = JLD2HVP786;
				INFOPLIST_FILE = SnartTests/Info.plist;
				LD_RUNPATH_SEARCH_PATHS = (
					"$(inherited)",
					"@executable_path/Frameworks",
					"@loader_path/Frameworks",
				);
				PRODUCT_BUNDLE_IDENTIFIER = se.pingvingryta.SnartTests;
				PRODUCT_NAME = "$(TARGET_NAME)";
				SWIFT_VERSION = 4.2;
				TARGETED_DEVICE_FAMILY = "1,2";
				TEST_HOST = "$(BUILT_PRODUCTS_DIR)/Snart.app/Snart";
			};
			name = Debug;
		};
		658E1FCB2233099500FB0128 /* Release */ = {
			isa = XCBuildConfiguration;
			buildSettings = {
				ALWAYS_EMBED_SWIFT_STANDARD_LIBRARIES = YES;
				BUNDLE_LOADER = "$(TEST_HOST)";
				CODE_SIGN_STYLE = Automatic;
				DEVELOPMENT_TEAM = JLD2HVP786;
				INFOPLIST_FILE = SnartTests/Info.plist;
				LD_RUNPATH_SEARCH_PATHS = (
					"$(inherited)",
					"@executable_path/Frameworks",
					"@loader_path/Frameworks",
				);
				PRODUCT_BUNDLE_IDENTIFIER = se.pingvingryta.SnartTests;
				PRODUCT_NAME = "$(TARGET_NAME)";
				SWIFT_VERSION = 4.2;
				TARGETED_DEVICE_FAMILY = "1,2";
				TEST_HOST = "$(BUILT_PRODUCTS_DIR)/Snart.app/Snart";
			};
			name = Release;
		};
		658E1FCD2233099500FB0128 /* Debug */ = {
			isa = XCBuildConfiguration;
			buildSettings = {
				ALWAYS_EMBED_SWIFT_STANDARD_LIBRARIES = YES;
				CODE_SIGN_STYLE = Automatic;
				DEVELOPMENT_TEAM = JLD2HVP786;
				INFOPLIST_FILE = SnartUITests/Info.plist;
				LD_RUNPATH_SEARCH_PATHS = (
					"$(inherited)",
					"@executable_path/Frameworks",
					"@loader_path/Frameworks",
				);
				PRODUCT_BUNDLE_IDENTIFIER = se.pingvingryta.SnartUITests;
				PRODUCT_NAME = "$(TARGET_NAME)";
				SWIFT_VERSION = 4.2;
				TARGETED_DEVICE_FAMILY = "1,2";
				TEST_TARGET_NAME = Snart;
			};
			name = Debug;
		};
		658E1FCE2233099500FB0128 /* Release */ = {
			isa = XCBuildConfiguration;
			buildSettings = {
				ALWAYS_EMBED_SWIFT_STANDARD_LIBRARIES = YES;
				CODE_SIGN_STYLE = Automatic;
				DEVELOPMENT_TEAM = JLD2HVP786;
				INFOPLIST_FILE = SnartUITests/Info.plist;
				LD_RUNPATH_SEARCH_PATHS = (
					"$(inherited)",
					"@executable_path/Frameworks",
					"@loader_path/Frameworks",
				);
				PRODUCT_BUNDLE_IDENTIFIER = se.pingvingryta.SnartUITests;
				PRODUCT_NAME = "$(TARGET_NAME)";
				SWIFT_VERSION = 4.2;
				TARGETED_DEVICE_FAMILY = "1,2";
				TEST_TARGET_NAME = Snart;
			};
			name = Release;
		};
/* End XCBuildConfiguration section */

/* Begin XCConfigurationList section */
		658E1F972233099300FB0128 /* Build configuration list for PBXProject "Snart" */ = {
			isa = XCConfigurationList;
			buildConfigurations = (
				658E1FC42233099500FB0128 /* Debug */,
				658E1FC52233099500FB0128 /* Release */,
			);
			defaultConfigurationIsVisible = 0;
			defaultConfigurationName = Release;
		};
		658E1FC62233099500FB0128 /* Build configuration list for PBXNativeTarget "Snart" */ = {
			isa = XCConfigurationList;
			buildConfigurations = (
				658E1FC72233099500FB0128 /* Debug */,
				658E1FC82233099500FB0128 /* Release */,
			);
			defaultConfigurationIsVisible = 0;
			defaultConfigurationName = Release;
		};
		658E1FC92233099500FB0128 /* Build configuration list for PBXNativeTarget "SnartTests" */ = {
			isa = XCConfigurationList;
			buildConfigurations = (
				658E1FCA2233099500FB0128 /* Debug */,
				658E1FCB2233099500FB0128 /* Release */,
			);
			defaultConfigurationIsVisible = 0;
			defaultConfigurationName = Release;
		};
		658E1FCC2233099500FB0128 /* Build configuration list for PBXNativeTarget "SnartUITests" */ = {
			isa = XCConfigurationList;
			buildConfigurations = (
				658E1FCD2233099500FB0128 /* Debug */,
				658E1FCE2233099500FB0128 /* Release */,
			);
			defaultConfigurationIsVisible = 0;
			defaultConfigurationName = Release;
		};
/* End XCConfigurationList section */
	};
	rootObject = 658E1F942233099300FB0128 /* Project object */;
}
